// !$*UTF8*$!
{
	archiveVersion = 1;
	classes = {
	};
	objectVersion = 56;
	objects = {

/* Begin PBXBuildFile section */
		24024C922AA3379E004AA3D1 /* URL+Regex.swift in Sources */ = {isa = PBXBuildFile; fileRef = 24024C912AA3379E004AA3D1 /* URL+Regex.swift */; };
		2407F9462A98F0CF00B9A42D /* AppDelegate.swift in Sources */ = {isa = PBXBuildFile; fileRef = 2407F9452A98F0CF00B9A42D /* AppDelegate.swift */; };
		2407F94A2A98F0D000B9A42D /* Assets.xcassets in Resources */ = {isa = PBXBuildFile; fileRef = 2407F9492A98F0D000B9A42D /* Assets.xcassets */; };
		2407F94D2A98F0D000B9A42D /* Main.storyboard in Resources */ = {isa = PBXBuildFile; fileRef = 2407F94B2A98F0D000B9A42D /* Main.storyboard */; };
		2407F9752A990D5D00B9A42D /* GitHubWindowController.swift in Sources */ = {isa = PBXBuildFile; fileRef = 2407F9742A990D5D00B9A42D /* GitHubWindowController.swift */; };
		2407F9772A99117500B9A42D /* Router.swift in Sources */ = {isa = PBXBuildFile; fileRef = 2407F9762A99117500B9A42D /* Router.swift */; };
		2407F9792A99200400B9A42D /* GitHub.swift in Sources */ = {isa = PBXBuildFile; fileRef = 2407F9782A99200400B9A42D /* GitHub.swift */; };
		2407F97B2A99220D00B9A42D /* Intercepter.swift in Sources */ = {isa = PBXBuildFile; fileRef = 2407F97A2A99220D00B9A42D /* Intercepter.swift */; };
		2407F97F2A99BD4000B9A42D /* Terminal.swift in Sources */ = {isa = PBXBuildFile; fileRef = 2407F97E2A99BD4000B9A42D /* Terminal.swift */; };
		2407F9822A99C14A00B9A42D /* AppleScript.swift in Sources */ = {isa = PBXBuildFile; fileRef = 2407F9812A99C14A00B9A42D /* AppleScript.swift */; };
		241B0EB52A9CE74800CEF758 /* KeyboardMonitor.swift in Sources */ = {isa = PBXBuildFile; fileRef = 241B0EB42A9CE74800CEF758 /* KeyboardMonitor.swift */; };
		2480A81D2A99EB6B008A4108 /* InsetedButton.swift in Sources */ = {isa = PBXBuildFile; fileRef = 2480A81C2A99EB6B008A4108 /* InsetedButton.swift */; };
		24C3C2FB2A9A2DCC00987922 /* Config.swift in Sources */ = {isa = PBXBuildFile; fileRef = 24C3C2FA2A9A2DCC00987922 /* Config.swift */; };
		24C3C3072A9A317400987922 /* Command.swift in Sources */ = {isa = PBXBuildFile; fileRef = 24C3C3022A9A317400987922 /* Command.swift */; };
		24C3C3082A9A317400987922 /* RunShell.swift in Sources */ = {isa = PBXBuildFile; fileRef = 24C3C3032A9A317400987922 /* RunShell.swift */; };
		24C3C30A2A9A31E800987922 /* String+Utils.swift in Sources */ = {isa = PBXBuildFile; fileRef = 24C3C3092A9A31E800987922 /* String+Utils.swift */; };
		24C3C30C2A9A32BB00987922 /* FileManager+Utils.swift in Sources */ = {isa = PBXBuildFile; fileRef = 24C3C30B2A9A32BB00987922 /* FileManager+Utils.swift */; };
/* End PBXBuildFile section */

/* Begin PBXFileReference section */
		24024C912AA3379E004AA3D1 /* URL+Regex.swift */ = {isa = PBXFileReference; lastKnownFileType = sourcecode.swift; path = "URL+Regex.swift"; sourceTree = "<group>"; };
		2407F9422A98F0CF00B9A42D /* BRouter.app */ = {isa = PBXFileReference; explicitFileType = wrapper.application; includeInIndex = 0; path = BRouter.app; sourceTree = BUILT_PRODUCTS_DIR; };
		2407F9452A98F0CF00B9A42D /* AppDelegate.swift */ = {isa = PBXFileReference; lastKnownFileType = sourcecode.swift; path = AppDelegate.swift; sourceTree = "<group>"; };
		2407F9492A98F0D000B9A42D /* Assets.xcassets */ = {isa = PBXFileReference; lastKnownFileType = folder.assetcatalog; path = Assets.xcassets; sourceTree = "<group>"; };
		2407F94C2A98F0D000B9A42D /* Base */ = {isa = PBXFileReference; lastKnownFileType = file.storyboard; name = Base; path = Base.lproj/Main.storyboard; sourceTree = "<group>"; };
		2407F94E2A98F0D000B9A42D /* BRouter.entitlements */ = {isa = PBXFileReference; lastKnownFileType = text.plist.entitlements; path = BRouter.entitlements; sourceTree = "<group>"; };
		2407F9702A98F30400B9A42D /* Info.plist */ = {isa = PBXFileReference; lastKnownFileType = text.plist.xml; path = Info.plist; sourceTree = "<group>"; };
		2407F9742A990D5D00B9A42D /* GitHubWindowController.swift */ = {isa = PBXFileReference; lastKnownFileType = sourcecode.swift; path = GitHubWindowController.swift; sourceTree = "<group>"; };
		2407F9762A99117500B9A42D /* Router.swift */ = {isa = PBXFileReference; lastKnownFileType = sourcecode.swift; path = Router.swift; sourceTree = "<group>"; };
		2407F9782A99200400B9A42D /* GitHub.swift */ = {isa = PBXFileReference; lastKnownFileType = sourcecode.swift; path = GitHub.swift; sourceTree = "<group>"; };
		2407F97A2A99220D00B9A42D /* Intercepter.swift */ = {isa = PBXFileReference; lastKnownFileType = sourcecode.swift; path = Intercepter.swift; sourceTree = "<group>"; };
		2407F97E2A99BD4000B9A42D /* Terminal.swift */ = {isa = PBXFileReference; lastKnownFileType = sourcecode.swift; path = Terminal.swift; sourceTree = "<group>"; };
		2407F9812A99C14A00B9A42D /* AppleScript.swift */ = {isa = PBXFileReference; lastKnownFileType = sourcecode.swift; path = AppleScript.swift; sourceTree = "<group>"; };
		241B0EB42A9CE74800CEF758 /* KeyboardMonitor.swift */ = {isa = PBXFileReference; lastKnownFileType = sourcecode.swift; path = KeyboardMonitor.swift; sourceTree = "<group>"; };
		2480A81C2A99EB6B008A4108 /* InsetedButton.swift */ = {isa = PBXFileReference; lastKnownFileType = sourcecode.swift; path = InsetedButton.swift; sourceTree = "<group>"; };
		24C3C2FA2A9A2DCC00987922 /* Config.swift */ = {isa = PBXFileReference; lastKnownFileType = sourcecode.swift; path = Config.swift; sourceTree = "<group>"; };
		24C3C3022A9A317400987922 /* Command.swift */ = {isa = PBXFileReference; fileEncoding = 4; lastKnownFileType = sourcecode.swift; path = Command.swift; sourceTree = "<group>"; };
		24C3C3032A9A317400987922 /* RunShell.swift */ = {isa = PBXFileReference; fileEncoding = 4; lastKnownFileType = sourcecode.swift; path = RunShell.swift; sourceTree = "<group>"; };
		24C3C3092A9A31E800987922 /* String+Utils.swift */ = {isa = PBXFileReference; fileEncoding = 4; lastKnownFileType = sourcecode.swift; path = "String+Utils.swift"; sourceTree = "<group>"; };
		24C3C30B2A9A32BB00987922 /* FileManager+Utils.swift */ = {isa = PBXFileReference; lastKnownFileType = sourcecode.swift; path = "FileManager+Utils.swift"; sourceTree = "<group>"; };
/* End PBXFileReference section */

/* Begin PBXFrameworksBuildPhase section */
		2407F93F2A98F0CF00B9A42D /* Frameworks */ = {
			isa = PBXFrameworksBuildPhase;
			buildActionMask = 2147483647;
			files = (
			);
			runOnlyForDeploymentPostprocessing = 0;
		};
/* End PBXFrameworksBuildPhase section */

/* Begin PBXGroup section */
		2407F9392A98F0CF00B9A42D = {
			isa = PBXGroup;
			children = (
				2407F9442A98F0CF00B9A42D /* BRouter */,
				2407F9432A98F0CF00B9A42D /* Products */,
			);
			sourceTree = "<group>";
		};
		2407F9432A98F0CF00B9A42D /* Products */ = {
			isa = PBXGroup;
			children = (
				2407F9422A98F0CF00B9A42D /* BRouter.app */,
			);
			name = Products;
			sourceTree = "<group>";
		};
		2407F9442A98F0CF00B9A42D /* BRouter */ = {
			isa = PBXGroup;
			children = (
				2407F9452A98F0CF00B9A42D /* AppDelegate.swift */,
				24C3C30D2A9A32C300987922 /* Category */,
				24C3C2FE2A9A317400987922 /* Utils */,
				24C3C2F92A9A2DC500987922 /* Base */,
				2407F9802A99BD4400B9A42D /* Tools */,
				2407F97D2A9922C300B9A42D /* GitHub */,
				2407F97C2A9922B600B9A42D /* Router */,
				2407F9492A98F0D000B9A42D /* Assets.xcassets */,
				2407F94B2A98F0D000B9A42D /* Main.storyboard */,
				2407F94E2A98F0D000B9A42D /* BRouter.entitlements */,
				2407F9702A98F30400B9A42D /* Info.plist */,
			);
			path = BRouter;
			sourceTree = "<group>";
		};
		2407F97C2A9922B600B9A42D /* Router */ = {
			isa = PBXGroup;
			children = (
				2407F9762A99117500B9A42D /* Router.swift */,
				2407F97A2A99220D00B9A42D /* Intercepter.swift */,
			);
			path = Router;
			sourceTree = "<group>";
		};
		2407F97D2A9922C300B9A42D /* GitHub */ = {
			isa = PBXGroup;
			children = (
				2407F9742A990D5D00B9A42D /* GitHubWindowController.swift */,
				2407F9782A99200400B9A42D /* GitHub.swift */,
			);
			path = GitHub;
			sourceTree = "<group>";
		};
		2407F9802A99BD4400B9A42D /* Tools */ = {
			isa = PBXGroup;
			children = (
				2407F97E2A99BD4000B9A42D /* Terminal.swift */,
				2407F9812A99C14A00B9A42D /* AppleScript.swift */,
			);
			path = Tools;
			sourceTree = "<group>";
		};
		24C3C2F92A9A2DC500987922 /* Base */ = {
			isa = PBXGroup;
			children = (
				2480A81C2A99EB6B008A4108 /* InsetedButton.swift */,
				24C3C2FA2A9A2DCC00987922 /* Config.swift */,
				241B0EB42A9CE74800CEF758 /* KeyboardMonitor.swift */,
			);
			path = Base;
			sourceTree = "<group>";
		};
		24C3C2FE2A9A317400987922 /* Utils */ = {
			isa = PBXGroup;
			children = (
				24C3C3022A9A317400987922 /* Command.swift */,
				24C3C3032A9A317400987922 /* RunShell.swift */,
			);
			path = Utils;
			sourceTree = "<group>";
		};
		24C3C30D2A9A32C300987922 /* Category */ = {
			isa = PBXGroup;
			children = (
				24C3C3092A9A31E800987922 /* String+Utils.swift */,
				24C3C30B2A9A32BB00987922 /* FileManager+Utils.swift */,
				24024C912AA3379E004AA3D1 /* URL+Regex.swift */,
			);
			path = Category;
			sourceTree = "<group>";
		};
/* End PBXGroup section */

/* Begin PBXNativeTarget section */
		2407F9412A98F0CF00B9A42D /* BRouter */ = {
			isa = PBXNativeTarget;
			buildConfigurationList = 2407F9672A98F0D000B9A42D /* Build configuration list for PBXNativeTarget "BRouter" */;
			buildPhases = (
				2407F93E2A98F0CF00B9A42D /* Sources */,
				2407F93F2A98F0CF00B9A42D /* Frameworks */,
				2407F9402A98F0CF00B9A42D /* Resources */,
			);
			buildRules = (
			);
			dependencies = (
			);
			name = BRouter;
			productName = BrowserRouter;
			productReference = 2407F9422A98F0CF00B9A42D /* BRouter.app */;
			productType = "com.apple.product-type.application";
		};
/* End PBXNativeTarget section */

/* Begin PBXProject section */
		2407F93A2A98F0CF00B9A42D /* Project object */ = {
			isa = PBXProject;
			attributes = {
				BuildIndependentTargetsInParallel = 1;
				LastSwiftUpdateCheck = 1500;
				LastUpgradeCheck = 1500;
				TargetAttributes = {
					2407F9412A98F0CF00B9A42D = {
						CreatedOnToolsVersion = 15.0;
					};
				};
			};
			buildConfigurationList = 2407F93D2A98F0CF00B9A42D /* Build configuration list for PBXProject "BRouter" */;
			compatibilityVersion = "Xcode 14.0";
			developmentRegion = en;
			hasScannedForEncodings = 0;
			knownRegions = (
				en,
				Base,
			);
			mainGroup = 2407F9392A98F0CF00B9A42D;
			productRefGroup = 2407F9432A98F0CF00B9A42D /* Products */;
			projectDirPath = "";
			projectRoot = "";
			targets = (
				2407F9412A98F0CF00B9A42D /* BRouter */,
			);
		};
/* End PBXProject section */

/* Begin PBXResourcesBuildPhase section */
		2407F9402A98F0CF00B9A42D /* Resources */ = {
			isa = PBXResourcesBuildPhase;
			buildActionMask = 2147483647;
			files = (
				2407F94A2A98F0D000B9A42D /* Assets.xcassets in Resources */,
				2407F94D2A98F0D000B9A42D /* Main.storyboard in Resources */,
			);
			runOnlyForDeploymentPostprocessing = 0;
		};
/* End PBXResourcesBuildPhase section */

/* Begin PBXSourcesBuildPhase section */
		2407F93E2A98F0CF00B9A42D /* Sources */ = {
			isa = PBXSourcesBuildPhase;
			buildActionMask = 2147483647;
			files = (
				2407F9772A99117500B9A42D /* Router.swift in Sources */,
				2407F9752A990D5D00B9A42D /* GitHubWindowController.swift in Sources */,
				241B0EB52A9CE74800CEF758 /* KeyboardMonitor.swift in Sources */,
				24024C922AA3379E004AA3D1 /* URL+Regex.swift in Sources */,
				24C3C2FB2A9A2DCC00987922 /* Config.swift in Sources */,
				24C3C3072A9A317400987922 /* Command.swift in Sources */,
				24C3C30C2A9A32BB00987922 /* FileManager+Utils.swift in Sources */,
				2407F9822A99C14A00B9A42D /* AppleScript.swift in Sources */,
				2407F9792A99200400B9A42D /* GitHub.swift in Sources */,
				2407F97F2A99BD4000B9A42D /* Terminal.swift in Sources */,
				2407F97B2A99220D00B9A42D /* Intercepter.swift in Sources */,
				24C3C30A2A9A31E800987922 /* String+Utils.swift in Sources */,
				2480A81D2A99EB6B008A4108 /* InsetedButton.swift in Sources */,
				24C3C3082A9A317400987922 /* RunShell.swift in Sources */,
				2407F9462A98F0CF00B9A42D /* AppDelegate.swift in Sources */,
			);
			runOnlyForDeploymentPostprocessing = 0;
		};
/* End PBXSourcesBuildPhase section */

/* Begin PBXVariantGroup section */
		2407F94B2A98F0D000B9A42D /* Main.storyboard */ = {
			isa = PBXVariantGroup;
			children = (
				2407F94C2A98F0D000B9A42D /* Base */,
			);
			name = Main.storyboard;
			sourceTree = "<group>";
		};
/* End PBXVariantGroup section */

/* Begin XCBuildConfiguration section */
		2407F9652A98F0D000B9A42D /* Debug */ = {
			isa = XCBuildConfiguration;
			buildSettings = {
				ALWAYS_SEARCH_USER_PATHS = NO;
				ASSETCATALOG_COMPILER_GENERATE_SWIFT_ASSET_SYMBOL_EXTENSIONS = YES;
				CLANG_ANALYZER_NONNULL = YES;
				CLANG_ANALYZER_NUMBER_OBJECT_CONVERSION = YES_AGGRESSIVE;
				CLANG_CXX_LANGUAGE_STANDARD = "gnu++20";
				CLANG_ENABLE_MODULES = YES;
				CLANG_ENABLE_OBJC_ARC = YES;
				CLANG_ENABLE_OBJC_WEAK = YES;
				CLANG_WARN_BLOCK_CAPTURE_AUTORELEASING = YES;
				CLANG_WARN_BOOL_CONVERSION = YES;
				CLANG_WARN_COMMA = YES;
				CLANG_WARN_CONSTANT_CONVERSION = YES;
				CLANG_WARN_DEPRECATED_OBJC_IMPLEMENTATIONS = YES;
				CLANG_WARN_DIRECT_OBJC_ISA_USAGE = YES_ERROR;
				CLANG_WARN_DOCUMENTATION_COMMENTS = YES;
				CLANG_WARN_EMPTY_BODY = YES;
				CLANG_WARN_ENUM_CONVERSION = YES;
				CLANG_WARN_INFINITE_RECURSION = YES;
				CLANG_WARN_INT_CONVERSION = YES;
				CLANG_WARN_NON_LITERAL_NULL_CONVERSION = YES;
				CLANG_WARN_OBJC_IMPLICIT_RETAIN_SELF = YES;
				CLANG_WARN_OBJC_LITERAL_CONVERSION = YES;
				CLANG_WARN_OBJC_ROOT_CLASS = YES_ERROR;
				CLANG_WARN_QUOTED_INCLUDE_IN_FRAMEWORK_HEADER = YES;
				CLANG_WARN_RANGE_LOOP_ANALYSIS = YES;
				CLANG_WARN_STRICT_PROTOTYPES = YES;
				CLANG_WARN_SUSPICIOUS_MOVE = YES;
				CLANG_WARN_UNGUARDED_AVAILABILITY = YES_AGGRESSIVE;
				CLANG_WARN_UNREACHABLE_CODE = YES;
				CLANG_WARN__DUPLICATE_METHOD_MATCH = YES;
				COPY_PHASE_STRIP = NO;
				DEBUG_INFORMATION_FORMAT = dwarf;
				ENABLE_STRICT_OBJC_MSGSEND = YES;
				ENABLE_TESTABILITY = YES;
				ENABLE_USER_SCRIPT_SANDBOXING = YES;
				GCC_C_LANGUAGE_STANDARD = gnu17;
				GCC_DYNAMIC_NO_PIC = NO;
				GCC_NO_COMMON_BLOCKS = YES;
				GCC_OPTIMIZATION_LEVEL = 0;
				GCC_PREPROCESSOR_DEFINITIONS = (
					"DEBUG=1",
					"$(inherited)",
				);
				GCC_WARN_64_TO_32_BIT_CONVERSION = YES;
				GCC_WARN_ABOUT_RETURN_TYPE = YES_ERROR;
				GCC_WARN_UNDECLARED_SELECTOR = YES;
				GCC_WARN_UNINITIALIZED_AUTOS = YES_AGGRESSIVE;
				GCC_WARN_UNUSED_FUNCTION = YES;
				GCC_WARN_UNUSED_VARIABLE = YES;
				LOCALIZATION_PREFERS_STRING_CATALOGS = YES;
				MACOSX_DEPLOYMENT_TARGET = 13.0;
				MTL_ENABLE_DEBUG_INFO = INCLUDE_SOURCE;
				MTL_FAST_MATH = YES;
				ONLY_ACTIVE_ARCH = YES;
				SDKROOT = macosx;
				SWIFT_ACTIVE_COMPILATION_CONDITIONS = "DEBUG $(inherited)";
				SWIFT_OPTIMIZATION_LEVEL = "-Onone";
			};
			name = Debug;
		};
		2407F9662A98F0D000B9A42D /* Release */ = {
			isa = XCBuildConfiguration;
			buildSettings = {
				ALWAYS_SEARCH_USER_PATHS = NO;
				ASSETCATALOG_COMPILER_GENERATE_SWIFT_ASSET_SYMBOL_EXTENSIONS = YES;
				CLANG_ANALYZER_NONNULL = YES;
				CLANG_ANALYZER_NUMBER_OBJECT_CONVERSION = YES_AGGRESSIVE;
				CLANG_CXX_LANGUAGE_STANDARD = "gnu++20";
				CLANG_ENABLE_MODULES = YES;
				CLANG_ENABLE_OBJC_ARC = YES;
				CLANG_ENABLE_OBJC_WEAK = YES;
				CLANG_WARN_BLOCK_CAPTURE_AUTORELEASING = YES;
				CLANG_WARN_BOOL_CONVERSION = YES;
				CLANG_WARN_COMMA = YES;
				CLANG_WARN_CONSTANT_CONVERSION = YES;
				CLANG_WARN_DEPRECATED_OBJC_IMPLEMENTATIONS = YES;
				CLANG_WARN_DIRECT_OBJC_ISA_USAGE = YES_ERROR;
				CLANG_WARN_DOCUMENTATION_COMMENTS = YES;
				CLANG_WARN_EMPTY_BODY = YES;
				CLANG_WARN_ENUM_CONVERSION = YES;
				CLANG_WARN_INFINITE_RECURSION = YES;
				CLANG_WARN_INT_CONVERSION = YES;
				CLANG_WARN_NON_LITERAL_NULL_CONVERSION = YES;
				CLANG_WARN_OBJC_IMPLICIT_RETAIN_SELF = YES;
				CLANG_WARN_OBJC_LITERAL_CONVERSION = YES;
				CLANG_WARN_OBJC_ROOT_CLASS = YES_ERROR;
				CLANG_WARN_QUOTED_INCLUDE_IN_FRAMEWORK_HEADER = YES;
				CLANG_WARN_RANGE_LOOP_ANALYSIS = YES;
				CLANG_WARN_STRICT_PROTOTYPES = YES;
				CLANG_WARN_SUSPICIOUS_MOVE = YES;
				CLANG_WARN_UNGUARDED_AVAILABILITY = YES_AGGRESSIVE;
				CLANG_WARN_UNREACHABLE_CODE = YES;
				CLANG_WARN__DUPLICATE_METHOD_MATCH = YES;
				COPY_PHASE_STRIP = NO;
				DEBUG_INFORMATION_FORMAT = "dwarf-with-dsym";
				ENABLE_NS_ASSERTIONS = NO;
				ENABLE_STRICT_OBJC_MSGSEND = YES;
				ENABLE_USER_SCRIPT_SANDBOXING = YES;
				GCC_C_LANGUAGE_STANDARD = gnu17;
				GCC_NO_COMMON_BLOCKS = YES;
				GCC_WARN_64_TO_32_BIT_CONVERSION = YES;
				GCC_WARN_ABOUT_RETURN_TYPE = YES_ERROR;
				GCC_WARN_UNDECLARED_SELECTOR = YES;
				GCC_WARN_UNINITIALIZED_AUTOS = YES_AGGRESSIVE;
				GCC_WARN_UNUSED_FUNCTION = YES;
				GCC_WARN_UNUSED_VARIABLE = YES;
				LOCALIZATION_PREFERS_STRING_CATALOGS = YES;
				MACOSX_DEPLOYMENT_TARGET = 13.0;
				MTL_ENABLE_DEBUG_INFO = NO;
				MTL_FAST_MATH = YES;
				SDKROOT = macosx;
				SWIFT_COMPILATION_MODE = wholemodule;
			};
			name = Release;
		};
		2407F9682A98F0D000B9A42D /* Debug */ = {
			isa = XCBuildConfiguration;
			buildSettings = {
				ASSETCATALOG_COMPILER_APPICON_NAME = AppIcon;
				CODE_SIGN_ENTITLEMENTS = BRouter/BRouter.entitlements;
				"CODE_SIGN_IDENTITY[sdk=macosx*]" = "Apple Development";
				CODE_SIGN_STYLE = Automatic;
				COMBINE_HIDPI_IMAGES = YES;
				CURRENT_PROJECT_VERSION = 8;
				DEVELOPMENT_TEAM = V33R949468;
				ENABLE_HARDENED_RUNTIME = YES;
				GENERATE_INFOPLIST_FILE = YES;
				INFOPLIST_FILE = BRouter/Info.plist;
				INFOPLIST_KEY_LSUIElement = YES;
				INFOPLIST_KEY_NSAppleEventsUsageDescription = "We need AppleScript permissions to automate certain tasks.";
				INFOPLIST_KEY_NSHumanReadableCopyright = "";
				INFOPLIST_KEY_NSMainStoryboardFile = Main;
				INFOPLIST_KEY_NSPrincipalClass = NSApplication;
				LD_RUNPATH_SEARCH_PATHS = (
					"$(inherited)",
					"@executable_path/../Frameworks",
				);
				MACOSX_DEPLOYMENT_TARGET = 13.0;
				MARKETING_VERSION = 1.5;
				PRODUCT_BUNDLE_IDENTIFIER = com.csz.BRouter;
				PRODUCT_NAME = "$(TARGET_NAME)";
				SWIFT_EMIT_LOC_STRINGS = YES;
				SWIFT_VERSION = 5.0;
			};
			name = Debug;
		};
		2407F9692A98F0D000B9A42D /* Release */ = {
			isa = XCBuildConfiguration;
			buildSettings = {
				ASSETCATALOG_COMPILER_APPICON_NAME = AppIcon;
				CODE_SIGN_ENTITLEMENTS = BRouter/BRouter.entitlements;
				"CODE_SIGN_IDENTITY[sdk=macosx*]" = "Apple Development";
				CODE_SIGN_STYLE = Automatic;
				COMBINE_HIDPI_IMAGES = YES;
				CURRENT_PROJECT_VERSION = 8;
				DEVELOPMENT_TEAM = V33R949468;
				ENABLE_HARDENED_RUNTIME = YES;
				GENERATE_INFOPLIST_FILE = YES;
				INFOPLIST_FILE = BRouter/Info.plist;
				INFOPLIST_KEY_LSUIElement = YES;
				INFOPLIST_KEY_NSAppleEventsUsageDescription = "We need AppleScript permissions to automate certain tasks.";
				INFOPLIST_KEY_NSHumanReadableCopyright = "";
				INFOPLIST_KEY_NSMainStoryboardFile = Main;
				INFOPLIST_KEY_NSPrincipalClass = NSApplication;
				LD_RUNPATH_SEARCH_PATHS = (
					"$(inherited)",
					"@executable_path/../Frameworks",
				);
				MACOSX_DEPLOYMENT_TARGET = 13.0;
				MARKETING_VERSION = 1.5;
				PRODUCT_BUNDLE_IDENTIFIER = com.csz.BRouter;
				PRODUCT_NAME = "$(TARGET_NAME)";
				SWIFT_EMIT_LOC_STRINGS = YES;
				SWIFT_VERSION = 5.0;
			};
			name = Release;
		};
/* End XCBuildConfiguration section */

/* Begin XCConfigurationList section */
		2407F93D2A98F0CF00B9A42D /* Build configuration list for PBXProject "BRouter" */ = {
			isa = XCConfigurationList;
			buildConfigurations = (
				2407F9652A98F0D000B9A42D /* Debug */,
				2407F9662A98F0D000B9A42D /* Release */,
			);
			defaultConfigurationIsVisible = 0;
			defaultConfigurationName = Release;
		};
		2407F9672A98F0D000B9A42D /* Build configuration list for PBXNativeTarget "BRouter" */ = {
			isa = XCConfigurationList;
			buildConfigurations = (
				2407F9682A98F0D000B9A42D /* Debug */,
				2407F9692A98F0D000B9A42D /* Release */,
			);
			defaultConfigurationIsVisible = 0;
			defaultConfigurationName = Release;
		};
/* End XCConfigurationList section */
	};
	rootObject = 2407F93A2A98F0CF00B9A42D /* Project object */;
}
